
Microsoft Visual Studio Solution File, Format Version 12.00
# Visual Studio Version 17
VisualStudioVersion = 17.13.35806.99
MinimumVisualStudioVersion = 10.0.40219.1
Project("{FAE04EC0-301F-11D3-BF4B-00C04F79EFBC}") = "EtherGizmos.Shipyard", "src\EtherGizmos.Shipyard\EtherGizmos.Shipyard.csproj", "{2375BE4B-3676-D814-610F-E6593B940DD7}"
EndProject
Project("{FAE04EC0-301F-11D3-BF4B-00C04F79EFBC}") = "EtherGizmos.Shipyard.AppHost", "src\EtherGizmos.Shipyard.AppHost\EtherGizmos.Shipyard.AppHost.csproj", "{B5BBD912-F928-411A-A528-E8A84C048C43}"
EndProject
Project("{FAE04EC0-301F-11D3-BF4B-00C04F79EFBC}") = "EtherGizmos.Shipyard.ServiceDefaults", "src\EtherGizmos.Shipyard.ServiceDefaults\EtherGizmos.Shipyard.ServiceDefaults.csproj", "{C73EAD76-D6E0-0A12-9796-A2127568B5B2}"
EndProject
Project("{2150E333-8FDC-42A3-9474-1A3956D46DE8}") = "Solution Items", "Solution Items", "{02EA681E-C7D8-13C7-8484-4AC65E1B71E8}"
	ProjectSection(SolutionItems) = preProject
		.editorconfig = .editorconfig
		.gitignore = .gitignore
		README.md = README.md
	EndProjectSection
EndProject
Project("{2150E333-8FDC-42A3-9474-1A3956D46DE8}") = "src", "src", "{4A974C85-9F75-4D3C-9A02-6E9BF13A11A2}"
EndProject
Project("{2150E333-8FDC-42A3-9474-1A3956D46DE8}") = "tests", "tests", "{6B5FA21A-23A2-4EFF-B611-23DD2E304A77}"
EndProject
Project("{FAE04EC0-301F-11D3-BF4B-00C04F79EFBC}") = "EtherGizmos.Messaging", "src\EtherGizmos.Messaging\EtherGizmos.Messaging.csproj", "{9E77EE3D-DC6E-4CCA-9736-E670AED1ECCC}"
EndProject
Project("{FAE04EC0-301F-11D3-BF4B-00C04F79EFBC}") = "EtherGizmos.Messaging.RabbitMQ", "src\EtherGizmos.Messaging.RabbitMQ\EtherGizmos.Messaging.RabbitMQ.csproj", "{E787D37F-7A83-4BD7-9ECA-E524FCC6C6D4}"
EndProject
Project("{FAE04EC0-301F-11D3-BF4B-00C04F79EFBC}") = "EtherGizmos.Configuration", "src\EtherGizmos.Configuration\EtherGizmos.Configuration.csproj", "{EA3592A3-7951-4ABC-96B6-64893980FF55}"
EndProject
Project("{FAE04EC0-301F-11D3-BF4B-00C04F79EFBC}") = "EtherGizmos.Shipyard.Worker", "src\EtherGizmos.Shipyard.Worker\EtherGizmos.Shipyard.Worker.csproj", "{41BB7B80-31D9-4F7E-AFAA-D8F61BFB98B6}"
EndProject
Global
	GlobalSection(SolutionConfigurationPlatforms) = preSolution
		Debug|Any CPU = Debug|Any CPU
		Release|Any CPU = Release|Any CPU
	EndGlobalSection
	GlobalSection(ProjectConfigurationPlatforms) = postSolution
		{2375BE4B-3676-D814-610F-E6593B940DD7}.Debug|Any CPU.ActiveCfg = Debug|Any CPU
		{2375BE4B-3676-D814-610F-E6593B940DD7}.Debug|Any CPU.Build.0 = Debug|Any CPU
		{2375BE4B-3676-D814-610F-E6593B940DD7}.Release|Any CPU.ActiveCfg = Release|Any CPU
		{2375BE4B-3676-D814-610F-E6593B940DD7}.Release|Any CPU.Build.0 = Release|Any CPU
		{B5BBD912-F928-411A-A528-E8A84C048C43}.Debug|Any CPU.ActiveCfg = Debug|Any CPU
		{B5BBD912-F928-411A-A528-E8A84C048C43}.Debug|Any CPU.Build.0 = Debug|Any CPU
		{B5BBD912-F928-411A-A528-E8A84C048C43}.Release|Any CPU.ActiveCfg = Release|Any CPU
		{B5BBD912-F928-411A-A528-E8A84C048C43}.Release|Any CPU.Build.0 = Release|Any CPU
		{C73EAD76-D6E0-0A12-9796-A2127568B5B2}.Debug|Any CPU.ActiveCfg = Debug|Any CPU
		{C73EAD76-D6E0-0A12-9796-A2127568B5B2}.Debug|Any CPU.Build.0 = Debug|Any CPU
		{C73EAD76-D6E0-0A12-9796-A2127568B5B2}.Release|Any CPU.ActiveCfg = Release|Any CPU
		{C73EAD76-D6E0-0A12-9796-A2127568B5B2}.Release|Any CPU.Build.0 = Release|Any CPU
		{9E77EE3D-DC6E-4CCA-9736-E670AED1ECCC}.Debug|Any CPU.ActiveCfg = Debug|Any CPU
		{9E77EE3D-DC6E-4CCA-9736-E670AED1ECCC}.Debug|Any CPU.Build.0 = Debug|Any CPU
		{9E77EE3D-DC6E-4CCA-9736-E670AED1ECCC}.Release|Any CPU.ActiveCfg = Release|Any CPU
		{9E77EE3D-DC6E-4CCA-9736-E670AED1ECCC}.Release|Any CPU.Build.0 = Release|Any CPU
		{E787D37F-7A83-4BD7-9ECA-E524FCC6C6D4}.Debug|Any CPU.ActiveCfg = Debug|Any CPU
		{E787D37F-7A83-4BD7-9ECA-E524FCC6C6D4}.Debug|Any CPU.Build.0 = Debug|Any CPU
		{E787D37F-7A83-4BD7-9ECA-E524FCC6C6D4}.Release|Any CPU.ActiveCfg = Release|Any CPU
		{E787D37F-7A83-4BD7-9ECA-E524FCC6C6D4}.Release|Any CPU.Build.0 = Release|Any CPU
		{EA3592A3-7951-4ABC-96B6-64893980FF55}.Debug|Any CPU.ActiveCfg = Debug|Any CPU
		{EA3592A3-7951-4ABC-96B6-64893980FF55}.Debug|Any CPU.Build.0 = Debug|Any CPU
		{EA3592A3-7951-4ABC-96B6-64893980FF55}.Release|Any CPU.ActiveCfg = Release|Any CPU
		{EA3592A3-7951-4ABC-96B6-64893980FF55}.Release|Any CPU.Build.0 = Release|Any CPU
		{41BB7B80-31D9-4F7E-AFAA-D8F61BFB98B6}.Debug|Any CPU.ActiveCfg = Debug|Any CPU
		{41BB7B80-31D9-4F7E-AFAA-D8F61BFB98B6}.Debug|Any CPU.Build.0 = Debug|Any CPU
		{41BB7B80-31D9-4F7E-AFAA-D8F61BFB98B6}.Release|Any CPU.ActiveCfg = Release|Any CPU
		{41BB7B80-31D9-4F7E-AFAA-D8F61BFB98B6}.Release|Any CPU.Build.0 = Release|Any CPU
	EndGlobalSection
	GlobalSection(SolutionProperties) = preSolution
		HideSolutionNode = FALSE
	EndGlobalSection
	GlobalSection(NestedProjects) = preSolution
		{2375BE4B-3676-D814-610F-E6593B940DD7} = {4A974C85-9F75-4D3C-9A02-6E9BF13A11A2}
		{B5BBD912-F928-411A-A528-E8A84C048C43} = {4A974C85-9F75-4D3C-9A02-6E9BF13A11A2}
		{C73EAD76-D6E0-0A12-9796-A2127568B5B2} = {4A974C85-9F75-4D3C-9A02-6E9BF13A11A2}
		{9E77EE3D-DC6E-4CCA-9736-E670AED1ECCC} = {4A974C85-9F75-4D3C-9A02-6E9BF13A11A2}
		{E787D37F-7A83-4BD7-9ECA-E524FCC6C6D4} = {4A974C85-9F75-4D3C-9A02-6E9BF13A11A2}
		{EA3592A3-7951-4ABC-96B6-64893980FF55} = {4A974C85-9F75-4D3C-9A02-6E9BF13A11A2}
		{41BB7B80-31D9-4F7E-AFAA-D8F61BFB98B6} = {4A974C85-9F75-4D3C-9A02-6E9BF13A11A2}
	EndGlobalSection
	GlobalSection(ExtensibilityGlobals) = postSolution
		SolutionGuid = {FDAA95A9-84A5-47E0-85A2-730CDD821DD7}
	EndGlobalSection
EndGlobal
